%{
  "circuits_i2c": {:hex, :circuits_i2c, "0.3.8", "fb969ddecdfe621202725ac631a32c1315c86dd9c90e429761a64c2326b113c3", [:make, :mix], [{:elixir_make, "~> 0.6", [hex: :elixir_make, repo: "hexpm", optional: false]}], "hexpm", "396f21f8932ac957eb10b0e84ee5b090a02bcf3b5616d8599a02ce2e72722c63"},
  "elixir_make": {:hex, :elixir_make, "0.6.2", "7dffacd77dec4c37b39af867cedaabb0b59f6a871f89722c25b28fcd4bd70530", [:mix], [], "hexpm", "03e49eadda22526a7e5279d53321d1cced6552f344ba4e03e619063de75348d9"},
}
